{
    "_meta": {
        "hash": {
            "sha256": "6e846eb6a89962739aa645edd8eceb779247f75bc165c5791ae0e141d1b7023e"
        },
        "pipfile-spec": 6,
        "requires": {},
        "sources": [
            {
                "name": "pypi",
                "url": "https://pypi.org/simple",
                "verify_ssl": true
            }
        ]
    },
    "default": {
        "adafruit-circuitpython-neopixel": {
            "hashes": [
                "sha256:80268e5bd6584a36d7e4d71eff9423016538c765798cb2c158d800cce75e7df0"
            ],
            "markers": "platform_machine == 'armv6l' or platform_machine == 'armv7l'",
            "version": "==6.2.3"
        },
        "click": {
            "hashes": [
                "sha256:353f466495adaeb40b6b5f592f9f91cb22372351c84caeb068132442a4518ef3",
                "sha256:410e932b050f5eed773c4cda94de75971c89cdb3155a72a0831139a79e5ecb5b"
            ],
            "index": "pypi",
            "version": "==8.0.3"
        },
        "python-dotenv": {
            "hashes": [
                "sha256:32b2bdc1873fd3a3c346da1c6db83d0053c3c62f28f1f38516070c4c8971b1d3",
                "sha256:a5de49a31e953b45ff2d2fd434bbc2670e8db5273606c1e737cc6b93eff3655f"
            ],
            "index": "pypi",
            "version": "==0.19.2"
        },
        "pyzmq": {
            "hashes": [
                "sha256:08c4e315a76ef26eb833511ebf3fa87d182152adf43dedee8d79f998a2162a0b",
                "sha256:0ca6cd58f62a2751728016d40082008d3b3412a7f28ddfb4a2f0d3c130f69e74",
                "sha256:1621e7a2af72cced1f6ec8ca8ca91d0f76ac236ab2e8828ac8fe909512d566cb",
                "sha256:18cd854b423fce44951c3a4d3e686bac8f1243d954f579e120a1714096637cc0",
                "sha256:2841997a0d85b998cbafecb4183caf51fd19c4357075dfd33eb7efea57e4c149",
                "sha256:2b97502c16a5ec611cd52410bdfaab264997c627a46b0f98d3f666227fd1ea2d",
                "sha256:3a4c9886d61d386b2b493377d980f502186cd71d501fffdba52bd2a0880cef4f",
                "sha256:3c1895c95be92600233e476fe283f042e71cf8f0b938aabf21b7aafa62a8dac9",
                "sha256:42abddebe2c6a35180ca549fadc7228d23c1e1f76167c5ebc8a936b5804ea2df",
                "sha256:468bd59a588e276961a918a3060948ae68f6ff5a7fa10bb2f9160c18fe341067",
                "sha256:480b9931bfb08bf8b094edd4836271d4d6b44150da051547d8c7113bf947a8b0",
                "sha256:53f4fd13976789ffafedd4d46f954c7bb01146121812b72b4ddca286034df966",
                "sha256:62bcade20813796c426409a3e7423862d50ff0639f5a2a95be4b85b09a618666",
                "sha256:67db33bea0a29d03e6eeec55a8190e033318cee3cbc732ba8fd939617cbf762d",
                "sha256:6b217b8f9dfb6628f74b94bdaf9f7408708cb02167d644edca33f38746ca12dd",
                "sha256:7661fc1d5cb73481cf710a1418a4e1e301ed7d5d924f91c67ba84b2a1b89defd",
                "sha256:76c532fd68b93998aab92356be280deec5de8f8fe59cd28763d2cc8a58747b7f",
                "sha256:79244b9e97948eaf38695f4b8e6fc63b14b78cc37f403c6642ba555517ac1268",
                "sha256:7c58f598d9fcc52772b89a92d72bf8829c12d09746a6d2c724c5b30076c1f11d",
                "sha256:7dc09198e4073e6015d9a8ea093fc348d4e59de49382476940c3dd9ae156fba8",
                "sha256:80e043a89c6cadefd3a0712f8a1322038e819ebe9dbac7eca3bce1721bcb63bf",
                "sha256:851977788b9caa8ed011f5f643d3ee8653af02c5fc723fa350db5125abf2be7b",
                "sha256:8eddc033e716f8c91c6a2112f0a8ebc5e00532b4a6ae1eb0ccc48e027f9c671c",
                "sha256:902319cfe23366595d3fa769b5b751e6ee6750a0a64c5d9f757d624b2ac3519e",
                "sha256:954e73c9cd4d6ae319f1c936ad159072b6d356a92dcbbabfd6e6204b9a79d356",
                "sha256:ab888624ed68930442a3f3b0b921ad7439c51ba122dbc8c386e6487a658e4a4e",
                "sha256:acebba1a23fb9d72b42471c3771b6f2f18dcd46df77482612054bd45c07dfa36",
                "sha256:b4ebed0977f92320f6686c96e9e8dd29eed199eb8d066936bac991afc37cbb70",
                "sha256:badb868fff14cfd0e200eaa845887b1011146a7d26d579aaa7f966c203736b92",
                "sha256:be4e0f229cf3a71f9ecd633566bd6f80d9fa6afaaff5489492be63fe459ef98c",
                "sha256:c0f84360dcca3481e8674393bdf931f9f10470988f87311b19d23cda869bb6b7",
                "sha256:c1e41b32d6f7f9c26bc731a8b529ff592f31fc8b6ef2be9fa74abd05c8a342d7",
                "sha256:c88fa7410e9fc471e0858638f403739ee869924dd8e4ae26748496466e27ac59",
                "sha256:cf98fd7a6c8aaa08dbc699ffae33fd71175696d78028281bc7b832b26f00ca57",
                "sha256:d072f7dfbdb184f0786d63bda26e8a0882041b1e393fbe98940395f7fab4c5e2",
                "sha256:d1b5d457acbadcf8b27561deeaa386b0217f47626b29672fa7bd31deb6e91e1b",
                "sha256:d3dcb5548ead4f1123851a5ced467791f6986d68c656bc63bfff1bf9e36671e2",
                "sha256:d6157793719de168b199194f6b6173f0ccd3bf3499e6870fac17086072e39115",
                "sha256:d728b08448e5ac3e4d886b165385a262883c34b84a7fe1166277fe675e1c197a",
                "sha256:de8df0684398bd74ad160afdc2a118ca28384ac6f5e234eb0508858d8d2d9364",
                "sha256:e6a02cf7271ee94674a44f4e62aa061d2d049001c844657740e156596298b70b",
                "sha256:ea12133df25e3a6918718fbb9a510c6ee5d3fdd5a346320421aac3882f4feeea",
                "sha256:ea5a79e808baef98c48c884effce05c31a0698c1057de8fc1c688891043c1ce1",
                "sha256:f43b4a2e6218371dd4f41e547bd919ceeb6ebf4abf31a7a0669cd11cd91ea973",
                "sha256:f762442bab706fd874064ca218b33a1d8e40d4938e96c24dafd9b12e28017f45",
                "sha256:f89468059ebc519a7acde1ee50b779019535db8dcf9b8c162ef669257fef7a93",
                "sha256:f907c7359ce8bf7f7e63c82f75ad0223384105f5126f313400b7e8004d9b33c3"
            ],
            "index": "pypi",
            "version": "==22.3.0"
        },
        "rpi-ws281x": {
            "hashes": [
                "sha256:0d1b68d2912bf56ba9078c4117720e1de29cef56af222fef64e767307ab88fda",
                "sha256:689f3f4a81c70adc830694140d9de84d0dbc3b8b4ece4fc3d1ef43b2348ce9ab",
                "sha256:d403bd2a45e70ec672ecc0dc2757f218d8c07401dcb2711599523e9f34c4579c"
            ],
            "markers": "platform_machine == 'armv6l' or platform_machine == 'armv7l'",
            "version": "==4.3.1"
        },
        "watchdog": {
            "hashes": [
                "sha256:25fb5240b195d17de949588628fdf93032ebf163524ef08933db0ea1f99bd685",
                "sha256:3386b367e950a11b0568062b70cc026c6f645428a698d33d39e013aaeda4cc04",
                "sha256:3becdb380d8916c873ad512f1701f8a92ce79ec6978ffde92919fd18d41da7fb",
                "sha256:4ae38bf8ba6f39d5b83f78661273216e7db5b00f08be7592062cb1fc8b8ba542",
                "sha256:8047da932432aa32c515ec1447ea79ce578d0559362ca3605f8e9568f844e3c6",
                "sha256:8f1c00aa35f504197561060ca4c21d3cc079ba29cf6dd2fe61024c70160c990b",
                "sha256:922a69fa533cb0c793b483becaaa0845f655151e7256ec73630a1b2e9ebcb660",
                "sha256:9693f35162dc6208d10b10ddf0458cc09ad70c30ba689d9206e02cd836ce28a3",
                "sha256:a0f1c7edf116a12f7245be06120b1852275f9506a7d90227648b250755a03923",
                "sha256:a36e75df6c767cbf46f61a91c70b3ba71811dfa0aca4a324d9407a06a8b7a2e7",
                "sha256:aba5c812f8ee8a3ff3be51887ca2d55fb8e268439ed44110d3846e4229eb0e8b",
                "sha256:ad6f1796e37db2223d2a3f302f586f74c72c630b48a9872c1e7ae8e92e0ab669",
                "sha256:ae67501c95606072aafa865b6ed47343ac6484472a2f95490ba151f6347acfc2",
                "sha256:b2fcf9402fde2672545b139694284dc3b665fd1be660d73eca6805197ef776a3",
                "sha256:b52b88021b9541a60531142b0a451baca08d28b74a723d0c99b13c8c8d48d604",
                "sha256:b7d336912853d7b77f9b2c24eeed6a5065d0a0cc0d3b6a5a45ad6d1d05fb8cd8",
                "sha256:bd9ba4f332cf57b2c1f698be0728c020399ef3040577cde2939f2e045b39c1e5",
                "sha256:be9be735f827820a06340dff2ddea1fb7234561fa5e6300a62fe7f54d40546a0",
                "sha256:cca7741c0fcc765568350cb139e92b7f9f3c9a08c4f32591d18ab0a6ac9e71b6",
                "sha256:d0d19fb2441947b58fbf91336638c2b9f4cc98e05e1045404d7a4cb7cddc7a65",
                "sha256:e02794ac791662a5eafc6ffeaf9bcc149035a0e48eb0a9d40a8feb4622605a3d",
                "sha256:e0f30db709c939cabf64a6dc5babb276e6d823fd84464ab916f9b9ba5623ca15",
                "sha256:e92c2d33858c8f560671b448205a268096e17870dcf60a9bb3ac7bfbafb7f5f9"
            ],
            "index": "pypi",
            "version": "==2.1.6"
        }
    },
    "develop": {}
}
